dependencies:
- name: elasticsearch
  repository: https://helm.elastic.co
  version: 7.17.3
- name: redis
  repository: https://charts.bitnami.com/bitnami
  version: 16.13.2
- name: postgresql
  repository: https://charts.bitnami.com/bitnami
  version: 12.2.3
digest: sha256:6f47fe8a8f820efeaf342cf5f80068ee536976a6673496278dccf6f29ffe6375
generated: "2023-03-17T00:13:39.663067521+02:00"
